
Microsoft Visual Studio Solution File, Format Version 12.00
# Visual Studio Version 16
VisualStudioVersion = 16.0.33130.400
MinimumVisualStudioVersion = 10.0.40219.1
Project("{FAE04EC0-301F-11D3-BF4B-00C04F79EFBC}") = "17Lesson", "17Lesson\17Lesson.csproj", "{1885C2B8-4440-4A47-8F83-6C3C93A3D472}"
EndProject
Global
	GlobalSection(SolutionConfigurationPlatforms) = preSolution
		Debug|Any CPU = Debug|Any CPU
		Release|Any CPU = Release|Any CPU
	EndGlobalSection
	GlobalSection(ProjectConfigurationPlatforms) = postSolution
		{1885C2B8-4440-4A47-8F83-6C3C93A3D472}.Debug|Any CPU.ActiveCfg = Debug|Any CPU
		{1885C2B8-4440-4A47-8F83-6C3C93A3D472}.Debug|Any CPU.Build.0 = Debug|Any CPU
		{1885C2B8-4440-4A47-8F83-6C3C93A3D472}.Release|Any CPU.ActiveCfg = Release|Any CPU
		{1885C2B8-4440-4A47-8F83-6C3C93A3D472}.Release|Any CPU.Build.0 = Release|Any CPU
	EndGlobalSection
	GlobalSection(SolutionProperties) = preSolution
		HideSolutionNode = FALSE
	EndGlobalSection
	GlobalSection(ExtensibilityGlobals) = postSolution
		SolutionGuid = {20F64208-EFB6-4190-AD2C-2A72EA4B3199}
	EndGlobalSection
EndGlobal
